# @generated by Move, please check-in and do not edit manually.

[move]
version = 3
manifest_digest = "B09B7C9C87825CC9EF77E81A3D5E85A0AB14105BE3BE2E197372D755B02AC46E"
deps_digest = "3C4103934B1E040BB6B23F1D610B4EF9F2F1166A50A104EADCF77467C004C600"
dependencies = [
  { id = "Dubhe", name = "Dubhe" },
  { id = "Sui", name = "Sui" },
]

[[move.package]]
id = "Dubhe"
source = { local = "../dubhe-framework" }

dependencies = [
  { id = "Sui", name = "Sui" },
]

[[move.package]]
id = "MoveStdlib"
source = { git = "https://github.com/MystenLabs/sui.git", rev = "mainnet-v1.38.3", subdir = "crates/sui-framework/packages/move-stdlib" }

[[move.package]]
id = "Sui"
source = { git = "https://github.com/MystenLabs/sui.git", rev = "mainnet-v1.38.3", subdir = "crates/sui-framework/packages/sui-framework" }

dependencies = [
  { id = "MoveStdlib", name = "MoveStdlib" },
]

[move.toolchain-version]
compiler-version = "1.38.3"
edition = "2024"
flavor = "sui"

[env.testnet]
chain-id = "4c78adac"
original-published-id = "0xec3c5e0acbd98f31f3a0b7b9bb21ddcfc9c0e7bfe190fe794ef57e1176bbe6b3"
latest-published-id = "0xec3c5e0acbd98f31f3a0b7b9bb21ddcfc9c0e7bfe190fe794ef57e1176bbe6b3"
published-version = "1"





[env.localnet]
chain-id = "c236ef19"
original-published-id = "0xbde87479194d189f6f3ef7a9242116a9e1ec13d5907cfbc8a137682e42f86f3d"
latest-published-id = "0x31cadf3b7fab6bec4c9636e953a2164d6f75a572b65f37cffff5f16697ae07a9"
published-version = "2"
