# Generated by move; do not edit
# This file should be checked in.

[move]
version = 4

[pinned.testnet.Dubhe]
source = { local = "../dubhe" }
use_environment = "testnet"
manifest_digest = "21C4ACDE8D1A1E22F33EBBF539FC94BA72EC8B363E3A9B495D51C157AAB5189C"
deps = { Sui = "Sui_1" }

[pinned.testnet.MoveStdlib]
source = { git = "https://github.com/MystenLabs/sui.git", subdir = "crates/sui-framework/packages/move-stdlib", rev = "655576caa3d7faaed39ebbc15d1bcc91d0761aee" }
use_environment = "testnet"
manifest_digest = "C4FE4C91DE74CBF223B2E380AE40F592177D21870DC2D7EB6227D2D694E05363"
deps = {}

[pinned.testnet.MoveStdlib_1]
source = { git = "https://github.com/MystenLabs/sui.git", subdir = "crates/sui-framework/packages/move-stdlib", rev = "ff441e0d66d6cd56c4527db1b6e6e38335e805ce" }
use_environment = "testnet"
manifest_digest = "C4FE4C91DE74CBF223B2E380AE40F592177D21870DC2D7EB6227D2D694E05363"
deps = {}

[pinned.testnet.Sui]
source = { git = "https://github.com/MystenLabs/sui.git", subdir = "crates/sui-framework/packages/sui-framework", rev = "655576caa3d7faaed39ebbc15d1bcc91d0761aee" }
use_environment = "testnet"
manifest_digest = "7AFB66695545775FBFBB2D3078ADFD084244D5002392E837FDE21D9EA1C6D01C"
deps = { MoveStdlib = "MoveStdlib" }

[pinned.testnet.Sui_1]
source = { git = "https://github.com/MystenLabs/sui.git", subdir = "crates/sui-framework/packages/sui-framework", rev = "ff441e0d66d6cd56c4527db1b6e6e38335e805ce" }
use_environment = "testnet"
manifest_digest = "7AFB66695545775FBFBB2D3078ADFD084244D5002392E837FDE21D9EA1C6D01C"
deps = { MoveStdlib = "MoveStdlib_1" }

[pinned.testnet.counter]
source = { root = true }
use_environment = "testnet"
manifest_digest = "2D4D3310758A71D313468A1B290F249B20F4102A935C19C448A4997325E498D1"
deps = { Dubhe = "Dubhe", std = "MoveStdlib", sui = "Sui" }

[env.localnet]
chain-id = "cacac8a4"
original-published-id = "0x32a26817f8cd0eab6fadead4a86dd5a53aa2d3a59f340c87d1b3e272f2c27e36"
latest-published-id = "0x32a26817f8cd0eab6fadead4a86dd5a53aa2d3a59f340c87d1b3e272f2c27e36"
published-version = "1"
